// !$*UTF8*$!
{
	archiveVersion = 1;
	classes = {
	};
	objectVersion = 77;
	objects = {

/* Begin PBXContainerItemProxy section */
		E0B197092E33FB3C00462039 /* PBXContainerItemProxy */ = {
			isa = PBXContainerItemProxy;
			containerPortal = E0B196F32E33FB3B00462039 /* Project object */;
			proxyType = 1;
			remoteGlobalIDString = E0B196FA2E33FB3B00462039;
			remoteInfo = CRDO;
		};
		E0B197132E33FB3C00462039 /* PBXContainerItemProxy */ = {
			isa = PBXContainerItemProxy;
			containerPortal = E0B196F32E33FB3B00462039 /* Project object */;
			proxyType = 1;
			remoteGlobalIDString = E0B196FA2E33FB3B00462039;
			remoteInfo = CRDO;
		};
/* End PBXContainerItemProxy section */

/* Begin PBXFileReference section */
		E0B196FB2E33FB3B00462039 /* CRDO.app */ = {isa = PBXFileReference; explicitFileType = wrapper.application; includeInIndex = 0; path = CRDO.app; sourceTree = BUILT_PRODUCTS_DIR; };
		E0B197082E33FB3C00462039 /* CRDOTests.xctest */ = {isa = PBXFileReference; explicitFileType = wrapper.cfbundle; includeInIndex = 0; path = CRDOTests.xctest; sourceTree = BUILT_PRODUCTS_DIR; };
		E0B197122E33FB3C00462039 /* CRDOUITests.xctest */ = {isa = PBXFileReference; explicitFileType = wrapper.cfbundle; includeInIndex = 0; path = CRDOUITests.xctest; sourceTree = BUILT_PRODUCTS_DIR; };
/* End PBXFileReference section */

/* Begin PBXFileSystemSynchronizedRootGroup section */
		E0B196FD2E33FB3B00462039 /* CRDO */ = {
			isa = PBXFileSystemSynchronizedRootGroup;
			path = CRDO;
			sourceTree = "<group>";
		};
		E0B1970B2E33FB3C00462039 /* CRDOTests */ = {
			isa = PBXFileSystemSynchronizedRootGroup;
			path = CRDOTests;
			sourceTree = "<group>";
		};
		E0B197152E33FB3C00462039 /* CRDOUITests */ = {
			isa = PBXFileSystemSynchronizedRootGroup;
			path = CRDOUITests;
			sourceTree = "<group>";
		};
/* End PBXFileSystemSynchronizedRootGroup section */

/* Begin PBXFrameworksBuildPhase section */
		E0B196F82E33FB3B00462039 /* Frameworks */ = {
			isa = PBXFrameworksBuildPhase;
			buildActionMask = 2147483647;
			files = (
			);
			runOnlyForDeploymentPostprocessing = 0;
		};
		E0B197052E33FB3C00462039 /* Frameworks */ = {
			isa = PBXFrameworksBuildPhase;
			buildActionMask = 2147483647;
			files = (
			);
			runOnlyForDeploymentPostprocessing = 0;
		};
		E0B1970F2E33FB3C00462039 /* Frameworks */ = {
			isa = PBXFrameworksBuildPhase;
			buildActionMask = 2147483647;
			files = (
			);
			runOnlyForDeploymentPostprocessing = 0;
		};
/* End PBXFrameworksBuildPhase section */

/* Begin PBXGroup section */
		E0B196F22E33FB3B00462039 = {
			isa = PBXGroup;
			children = (
				E0B196FD2E33FB3B00462039 /* CRDO */,
				E0B1970B2E33FB3C00462039 /* CRDOTests */,
				E0B197152E33FB3C00462039 /* CRDOUITests */,
				E0B196FC2E33FB3B00462039 /* Products */,
			);
			sourceTree = "<group>";
		};
		E0B196FC2E33FB3B00462039 /* Products */ = {
			isa = PBXGroup;
			children = (
				E0B196FB2E33FB3B00462039 /* CRDO.app */,
				E0B197082E33FB3C00462039 /* CRDOTests.xctest */,
				E0B197122E33FB3C00462039 /* CRDOUITests.xctest */,
			);
			name = Products;
			sourceTree = "<group>";
		};
/* End PBXGroup section */

/* Begin PBXNativeTarget section */
		E0B196FA2E33FB3B00462039 /* CRDO */ = {
			isa = PBXNativeTarget;
			buildConfigurationList = E0B1971C2E33FB3C00462039 /* Build configuration list for PBXNativeTarget "CRDO" */;
			buildPhases = (
				E0B196F72E33FB3B00462039 /* Sources */,
				E0B196F82E33FB3B00462039 /* Frameworks */,
				E0B196F92E33FB3B00462039 /* Resources */,
			);
			buildRules = (
			);
			dependencies = (
			);
			fileSystemSynchronizedGroups = (
				E0B196FD2E33FB3B00462039 /* CRDO */,
			);
			name = CRDO;
			packageProductDependencies = (
			);
			productName = CRDO;
			productReference = E0B196FB2E33FB3B00462039 /* CRDO.app */;
			productType = "com.apple.product-type.application";
		};
		E0B197072E33FB3C00462039 /* CRDOTests */ = {
			isa = PBXNativeTarget;
			buildConfigurationList = E0B1971F2E33FB3C00462039 /* Build configuration list for PBXNativeTarget "CRDOTests" */;
			buildPhases = (
				E0B197042E33FB3C00462039 /* Sources */,
				E0B197052E33FB3C00462039 /* Frameworks */,
				E0B197062E33FB3C00462039 /* Resources */,
			);
			buildRules = (
			);
			dependencies = (
				E0B1970A2E33FB3C00462039 /* PBXTargetDependency */,
			);
			fileSystemSynchronizedGroups = (
				E0B1970B2E33FB3C00462039 /* CRDOTests */,
			);
			name = CRDOTests;
			packageProductDependencies = (
			);
			productName = CRDOTests;
			productReference = E0B197082E33FB3C00462039 /* CRDOTests.xctest */;
			productType = "com.apple.product-type.bundle.unit-test";
		};
		E0B197112E33FB3C00462039 /* CRDOUITests */ = {
			isa = PBXNativeTarget;
			buildConfigurationList = E0B197222E33FB3C00462039 /* Build configuration list for PBXNativeTarget "CRDOUITests" */;
			buildPhases = (
				E0B1970E2E33FB3C00462039 /* Sources */,
				E0B1970F2E33FB3C00462039 /* Frameworks */,
				E0B197102E33FB3C00462039 /* Resources */,
			);
			buildRules = (
			);
			dependencies = (
				E0B197142E33FB3C00462039 /* PBXTargetDependency */,
			);
			fileSystemSynchronizedGroups = (
				E0B197152E33FB3C00462039 /* CRDOUITests */,
			);
			name = CRDOUITests;
			packageProductDependencies = (
			);
			productName = CRDOUITests;
			productReference = E0B197122E33FB3C00462039 /* CRDOUITests.xctest */;
			productType = "com.apple.product-type.bundle.ui-testing";
		};
/* End PBXNativeTarget section */

/* Begin PBXProject section */
		E0B196F32E33FB3B00462039 /* Project object */ = {
			isa = PBXProject;
			attributes = {
				BuildIndependentTargetsInParallel = 1;
				LastSwiftUpdateCheck = 1640;
				LastUpgradeCheck = 1640;
				TargetAttributes = {
					E0B196FA2E33FB3B00462039 = {
						CreatedOnToolsVersion = 16.4;
					};
					E0B197072E33FB3C00462039 = {
						CreatedOnToolsVersion = 16.4;
						TestTargetID = E0B196FA2E33FB3B00462039;
					};
					E0B197112E33FB3C00462039 = {
						CreatedOnToolsVersion = 16.4;
						TestTargetID = E0B196FA2E33FB3B00462039;
					};
				};
			};
			buildConfigurationList = E0B196F62E33FB3B00462039 /* Build configuration list for PBXProject "CRDO" */;
			developmentRegion = en;
			hasScannedForEncodings = 0;
			knownRegions = (
				en,
				Base,
			);
			mainGroup = E0B196F22E33FB3B00462039;
			minimizedProjectReferenceProxies = 1;
			preferredProjectObjectVersion = 77;
			productRefGroup = E0B196FC2E33FB3B00462039 /* Products */;
			projectDirPath = "";
			projectRoot = "";
			targets = (
				E0B196FA2E33FB3B00462039 /* CRDO */,
				E0B197072E33FB3C00462039 /* CRDOTests */,
				E0B197112E33FB3C00462039 /* CRDOUITests */,
			);
		};
/* End PBXProject section */

/* Begin PBXResourcesBuildPhase section */
		E0B196F92E33FB3B00462039 /* Resources */ = {
			isa = PBXResourcesBuildPhase;
			buildActionMask = 2147483647;
			files = (
			);
			runOnlyForDeploymentPostprocessing = 0;
		};
		E0B197062E33FB3C00462039 /* Resources */ = {
			isa = PBXResourcesBuildPhase;
			buildActionMask = 2147483647;
			files = (
			);
			runOnlyForDeploymentPostprocessing = 0;
		};
		E0B197102E33FB3C00462039 /* Resources */ = {
			isa = PBXResourcesBuildPhase;
			buildActionMask = 2147483647;
			files = (
			);
			runOnlyForDeploymentPostprocessing = 0;
		};
/* End PBXResourcesBuildPhase section */

/* Begin PBXSourcesBuildPhase section */
		E0B196F72E33FB3B00462039 /* Sources */ = {
			isa = PBXSourcesBuildPhase;
			buildActionMask = 2147483647;
			files = (
			);
			runOnlyForDeploymentPostprocessing = 0;
		};
		E0B197042E33FB3C00462039 /* Sources */ = {
			isa = PBXSourcesBuildPhase;
			buildActionMask = 2147483647;
			files = (
			);
			runOnlyForDeploymentPostprocessing = 0;
		};
		E0B1970E2E33FB3C00462039 /* Sources */ = {
			isa = PBXSourcesBuildPhase;
			buildActionMask = 2147483647;
			files = (
			);
			runOnlyForDeploymentPostprocessing = 0;
		};
/* End PBXSourcesBuildPhase section */

/* Begin PBXTargetDependency section */
		E0B1970A2E33FB3C00462039 /* PBXTargetDependency */ = {
			isa = PBXTargetDependency;
			target = E0B196FA2E33FB3B00462039 /* CRDO */;
			targetProxy = E0B197092E33FB3C00462039 /* PBXContainerItemProxy */;
		};
		E0B197142E33FB3C00462039 /* PBXTargetDependency */ = {
			isa = PBXTargetDependency;
			target = E0B196FA2E33FB3B00462039 /* CRDO */;
			targetProxy = E0B197132E33FB3C00462039 /* PBXContainerItemProxy */;
		};
/* End PBXTargetDependency section */

/* Begin XCBuildConfiguration section */
		E0B1971A2E33FB3C00462039 /* Debug */ = {
			isa = XCBuildConfiguration;
			buildSettings = {
				ALWAYS_SEARCH_USER_PATHS = NO;
				ASSETCATALOG_COMPILER_GENERATE_SWIFT_ASSET_SYMBOL_EXTENSIONS = YES;
				CLANG_ANALYZER_NONNULL = YES;
				CLANG_ANALYZER_NUMBER_OBJECT_CONVERSION = YES_AGGRESSIVE;
				CLANG_CXX_LANGUAGE_STANDARD = "gnu++20";
				CLANG_ENABLE_MODULES = YES;
				CLANG_ENABLE_OBJC_ARC = YES;
				CLANG_ENABLE_OBJC_WEAK = YES;
				CLANG_WARN_BLOCK_CAPTURE_AUTORELEASING = YES;
				CLANG_WARN_BOOL_CONVERSION = YES;
				CLANG_WARN_COMMA = YES;
				CLANG_WARN_CONSTANT_CONVERSION = YES;
				CLANG_WARN_DEPRECATED_OBJC_IMPLEMENTATIONS = YES;
				CLANG_WARN_DIRECT_OBJC_ISA_USAGE = YES_ERROR;
				CLANG_WARN_DOCUMENTATION_COMMENTS = YES;
				CLANG_WARN_EMPTY_BODY = YES;
				CLANG_WARN_ENUM_CONVERSION = YES;
				CLANG_WARN_INFINITE_RECURSION = YES;
				CLANG_WARN_INT_CONVERSION = YES;
				CLANG_WARN_NON_LITERAL_NULL_CONVERSION = YES;
				CLANG_WARN_OBJC_IMPLICIT_RETAIN_SELF = YES;
				CLANG_WARN_OBJC_LITERAL_CONVERSION = YES;
				CLANG_WARN_OBJC_ROOT_CLASS = YES_ERROR;
				CLANG_WARN_QUOTED_INCLUDE_IN_FRAMEWORK_HEADER = YES;
				CLANG_WARN_RANGE_LOOP_ANALYSIS = YES;
				CLANG_WARN_STRICT_PROTOTYPES = YES;
				CLANG_WARN_SUSPICIOUS_MOVE = YES;
				CLANG_WARN_UNGUARDED_AVAILABILITY = YES_AGGRESSIVE;
				CLANG_WARN_UNREACHABLE_CODE = YES;
				CLANG_WARN__DUPLICATE_METHOD_MATCH = YES;
				COPY_PHASE_STRIP = NO;
				DEBUG_INFORMATION_FORMAT = dwarf;
				DEVELOPMENT_TEAM = VHQNB3XYK7;
				ENABLE_STRICT_OBJC_MSGSEND = YES;
				ENABLE_TESTABILITY = YES;
				ENABLE_USER_SCRIPT_SANDBOXING = YES;
				GCC_C_LANGUAGE_STANDARD = gnu17;
				GCC_DYNAMIC_NO_PIC = NO;
				GCC_NO_COMMON_BLOCKS = YES;
				GCC_OPTIMIZATION_LEVEL = 0;
				GCC_PREPROCESSOR_DEFINITIONS = (
					"DEBUG=1",
					"$(inherited)",
				);
				GCC_WARN_64_TO_32_BIT_CONVERSION = YES;
				GCC_WARN_ABOUT_RETURN_TYPE = YES_ERROR;
				GCC_WARN_UNDECLARED_SELECTOR = YES;
				GCC_WARN_UNINITIALIZED_AUTOS = YES_AGGRESSIVE;
				GCC_WARN_UNUSED_FUNCTION = YES;
				GCC_WARN_UNUSED_VARIABLE = YES;
				IPHONEOS_DEPLOYMENT_TARGET = 18.5;
				LOCALIZATION_PREFERS_STRING_CATALOGS = YES;
				MTL_ENABLE_DEBUG_INFO = INCLUDE_SOURCE;
				MTL_FAST_MATH = YES;
				ONLY_ACTIVE_ARCH = YES;
				SDKROOT = iphoneos;
				SWIFT_ACTIVE_COMPILATION_CONDITIONS = "DEBUG $(inherited)";
				SWIFT_OPTIMIZATION_LEVEL = "-Onone";
			};
			name = Debug;
		};
		E0B1971B2E33FB3C00462039 /* Release */ = {
			isa = XCBuildConfiguration;
			buildSettings = {
				ALWAYS_SEARCH_USER_PATHS = NO;
				ASSETCATALOG_COMPILER_GENERATE_SWIFT_ASSET_SYMBOL_EXTENSIONS = YES;
				CLANG_ANALYZER_NONNULL = YES;
				CLANG_ANALYZER_NUMBER_OBJECT_CONVERSION = YES_AGGRESSIVE;
				CLANG_CXX_LANGUAGE_STANDARD = "gnu++20";
				CLANG_ENABLE_MODULES = YES;
				CLANG_ENABLE_OBJC_ARC = YES;
				CLANG_ENABLE_OBJC_WEAK = YES;
				CLANG_WARN_BLOCK_CAPTURE_AUTORELEASING = YES;
				CLANG_WARN_BOOL_CONVERSION = YES;
				CLANG_WARN_COMMA = YES;
				CLANG_WARN_CONSTANT_CONVERSION = YES;
				CLANG_WARN_DEPRECATED_OBJC_IMPLEMENTATIONS = YES;
				CLANG_WARN_DIRECT_OBJC_ISA_USAGE = YES_ERROR;
				CLANG_WARN_DOCUMENTATION_COMMENTS = YES;
				CLANG_WARN_EMPTY_BODY = YES;
				CLANG_WARN_ENUM_CONVERSION = YES;
				CLANG_WARN_INFINITE_RECURSION = YES;
				CLANG_WARN_INT_CONVERSION = YES;
				CLANG_WARN_NON_LITERAL_NULL_CONVERSION = YES;
				CLANG_WARN_OBJC_IMPLICIT_RETAIN_SELF = YES;
				CLANG_WARN_OBJC_LITERAL_CONVERSION = YES;
				CLANG_WARN_OBJC_ROOT_CLASS = YES_ERROR;
				CLANG_WARN_QUOTED_INCLUDE_IN_FRAMEWORK_HEADER = YES;
				CLANG_WARN_RANGE_LOOP_ANALYSIS = YES;
				CLANG_WARN_STRICT_PROTOTYPES = YES;
				CLANG_WARN_SUSPICIOUS_MOVE = YES;
				CLANG_WARN_UNGUARDED_AVAILABILITY = YES_AGGRESSIVE;
				CLANG_WARN_UNREACHABLE_CODE = YES;
				CLANG_WARN__DUPLICATE_METHOD_MATCH = YES;
				COPY_PHASE_STRIP = NO;
				DEBUG_INFORMATION_FORMAT = "dwarf-with-dsym";
				DEVELOPMENT_TEAM = VHQNB3XYK7;
				ENABLE_NS_ASSERTIONS = NO;
				ENABLE_STRICT_OBJC_MSGSEND = YES;
				ENABLE_USER_SCRIPT_SANDBOXING = YES;
				GCC_C_LANGUAGE_STANDARD = gnu17;
				GCC_NO_COMMON_BLOCKS = YES;
				GCC_WARN_64_TO_32_BIT_CONVERSION = YES;
				GCC_WARN_ABOUT_RETURN_TYPE = YES_ERROR;
				GCC_WARN_UNDECLARED_SELECTOR = YES;
				GCC_WARN_UNINITIALIZED_AUTOS = YES_AGGRESSIVE;
				GCC_WARN_UNUSED_FUNCTION = YES;
				GCC_WARN_UNUSED_VARIABLE = YES;
				IPHONEOS_DEPLOYMENT_TARGET = 18.5;
				LOCALIZATION_PREFERS_STRING_CATALOGS = YES;
				MTL_ENABLE_DEBUG_INFO = NO;
				MTL_FAST_MATH = YES;
				SDKROOT = iphoneos;
				SWIFT_COMPILATION_MODE = wholemodule;
				VALIDATE_PRODUCT = YES;
			};
			name = Release;
		};
		E0B1971D2E33FB3C00462039 /* Debug */ = {
			isa = XCBuildConfiguration;
			buildSettings = {
				ASSETCATALOG_COMPILER_APPICON_NAME = AppIcon;
				ASSETCATALOG_COMPILER_GLOBAL_ACCENT_COLOR_NAME = AccentColor;
				CODE_SIGN_STYLE = Automatic;
				CURRENT_PROJECT_VERSION = 1;
				DEVELOPMENT_TEAM = VHQNB3XYK7;
				ENABLE_PREVIEWS = YES;
				GENERATE_INFOPLIST_FILE = YES;
				INFOPLIST_KEY_NSLocationWhenInUseUsageDescription = "CRDO needs access to your location to track your workout routes and calculate distance.";
				INFOPLIST_KEY_NSLocationAlwaysAndWhenInUseUsageDescription = "CRDO needs access to your location to track your workout routes and calculate distance even when the app is in the background.";
				INFOPLIST_KEY_UIBackgroundModes = "location background-processing";
				INFOPLIST_KEY_UIApplicationSceneManifest_Generation = YES;
				INFOPLIST_KEY_UIApplicationSupportsIndirectInputEvents = YES;
				INFOPLIST_KEY_UILaunchScreen_Generation = YES;
				INFOPLIST_KEY_UISupportedInterfaceOrientations_iPad = "UIInterfaceOrientationPortrait UIInterfaceOrientationPortraitUpsideDown UIInterfaceOrientationLandscapeLeft UIInterfaceOrientationLandscapeRight";
				INFOPLIST_KEY_UISupportedInterfaceOrientations_iPhone = "UIInterfaceOrientationPortrait UIInterfaceOrientationLandscapeLeft UIInterfaceOrientationLandscapeRight";
				LD_RUNPATH_SEARCH_PATHS = (
					"$(inherited)",
					"@executable_path/Frameworks",
				);
				MARKETING_VERSION = 1.0;
				PRODUCT_BUNDLE_IDENTIFIER = launchx23.CRDO;
				PRODUCT_NAME = "$(TARGET_NAME)";
				SWIFT_EMIT_LOC_STRINGS = YES;
				SWIFT_VERSION = 5.0;
				TARGETED_DEVICE_FAMILY = "1,2";
			};
			name = Debug;
		};
		E0B1971E2E33FB3C00462039 /* Release */ = {
			isa = XCBuildConfiguration;
			buildSettings = {
				ASSETCATALOG_COMPILER_APPICON_NAME = AppIcon;
				ASSETCATALOG_COMPILER_GLOBAL_ACCENT_COLOR_NAME = AccentColor;
				CODE_SIGN_STYLE = Automatic;
				CURRENT_PROJECT_VERSION = 1;
				DEVELOPMENT_TEAM = VHQNB3XYK7;
				ENABLE_PREVIEWS = YES;
				GENERATE_INFOPLIST_FILE = YES;
				INFOPLIST_KEY_NSLocationWhenInUseUsageDescription = "CRDO needs access to your location to track your workout routes and calculate distance.";
				INFOPLIST_KEY_NSLocationAlwaysAndWhenInUseUsageDescription = "CRDO needs access to your location to track your workout routes and calculate distance even when the app is in the background.";
				INFOPLIST_KEY_UIBackgroundModes = "location background-processing";
				INFOPLIST_KEY_UIApplicationSceneManifest_Generation = YES;
				INFOPLIST_KEY_UIApplicationSupportsIndirectInputEvents = YES;
				INFOPLIST_KEY_UILaunchScreen_Generation = YES;
				INFOPLIST_KEY_UISupportedInterfaceOrientations_iPad = "UIInterfaceOrientationPortrait UIInterfaceOrientationPortraitUpsideDown UIInterfaceOrientationLandscapeLeft UIInterfaceOrientationLandscapeRight";
				INFOPLIST_KEY_UISupportedInterfaceOrientations_iPhone = "UIInterfaceOrientationPortrait UIInterfaceOrientationLandscapeLeft UIInterfaceOrientationLandscapeRight";
				LD_RUNPATH_SEARCH_PATHS = (
					"$(inherited)",
					"@executable_path/Frameworks",
				);
				MARKETING_VERSION = 1.0;
				PRODUCT_BUNDLE_IDENTIFIER = launchx23.CRDO;
				PRODUCT_NAME = "$(TARGET_NAME)";
				SWIFT_EMIT_LOC_STRINGS = YES;
				SWIFT_VERSION = 5.0;
				TARGETED_DEVICE_FAMILY = "1,2";
			};
			name = Release;
		};
		E0B197202E33FB3C00462039 /* Debug */ = {
			isa = XCBuildConfiguration;
			buildSettings = {
				BUNDLE_LOADER = "$(TEST_HOST)";
				CODE_SIGN_STYLE = Automatic;
				CURRENT_PROJECT_VERSION = 1;
				DEVELOPMENT_TEAM = VHQNB3XYK7;
				GENERATE_INFOPLIST_FILE = YES;
				IPHONEOS_DEPLOYMENT_TARGET = 18.5;
				MARKETING_VERSION = 1.0;
				PRODUCT_BUNDLE_IDENTIFIER = launchx23.CRDOTests;
				PRODUCT_NAME = "$(TARGET_NAME)";
				SWIFT_EMIT_LOC_STRINGS = NO;
				SWIFT_VERSION = 5.0;
				TARGETED_DEVICE_FAMILY = "1,2";
				TEST_HOST = "$(BUILT_PRODUCTS_DIR)/CRDO.app/$(BUNDLE_EXECUTABLE_FOLDER_PATH)/CRDO";
			};
			name = Debug;
		};
		E0B197212E33FB3C00462039 /* Release */ = {
			isa = XCBuildConfiguration;
			buildSettings = {
				BUNDLE_LOADER = "$(TEST_HOST)";
				CODE_SIGN_STYLE = Automatic;
				CURRENT_PROJECT_VERSION = 1;
				DEVELOPMENT_TEAM = VHQNB3XYK7;
				GENERATE_INFOPLIST_FILE = YES;
				IPHONEOS_DEPLOYMENT_TARGET = 18.5;
				MARKETING_VERSION = 1.0;
				PRODUCT_BUNDLE_IDENTIFIER = launchx23.CRDOTests;
				PRODUCT_NAME = "$(TARGET_NAME)";
				SWIFT_EMIT_LOC_STRINGS = NO;
				SWIFT_VERSION = 5.0;
				TARGETED_DEVICE_FAMILY = "1,2";
				TEST_HOST = "$(BUILT_PRODUCTS_DIR)/CRDO.app/$(BUNDLE_EXECUTABLE_FOLDER_PATH)/CRDO";
			};
			name = Release;
		};
		E0B197232E33FB3C00462039 /* Debug */ = {
			isa = XCBuildConfiguration;
			buildSettings = {
				CODE_SIGN_STYLE = Automatic;
				CURRENT_PROJECT_VERSION = 1;
				DEVELOPMENT_TEAM = VHQNB3XYK7;
				GENERATE_INFOPLIST_FILE = YES;
				MARKETING_VERSION = 1.0;
				PRODUCT_BUNDLE_IDENTIFIER = launchx23.CRDOUITests;
				PRODUCT_NAME = "$(TARGET_NAME)";
				SWIFT_EMIT_LOC_STRINGS = NO;
				SWIFT_VERSION = 5.0;
				TARGETED_DEVICE_FAMILY = "1,2";
				TEST_TARGET_NAME = CRDO;
			};
			name = Debug;
		};
		E0B197242E33FB3C00462039 /* Release */ = {
			isa = XCBuildConfiguration;
			buildSettings = {
				CODE_SIGN_STYLE = Automatic;
				CURRENT_PROJECT_VERSION = 1;
				DEVELOPMENT_TEAM = VHQNB3XYK7;
				GENERATE_INFOPLIST_FILE = YES;
				MARKETING_VERSION = 1.0;
				PRODUCT_BUNDLE_IDENTIFIER = launchx23.CRDOUITests;
				PRODUCT_NAME = "$(TARGET_NAME)";
				SWIFT_EMIT_LOC_STRINGS = NO;
				SWIFT_VERSION = 5.0;
				TARGETED_DEVICE_FAMILY = "1,2";
				TEST_TARGET_NAME = CRDO;
			};
			name = Release;
		};
/* End XCBuildConfiguration section */

/* Begin XCConfigurationList section */
		E0B196F62E33FB3B00462039 /* Build configuration list for PBXProject "CRDO" */ = {
			isa = XCConfigurationList;
			buildConfigurations = (
				E0B1971A2E33FB3C00462039 /* Debug */,
				E0B1971B2E33FB3C00462039 /* Release */,
			);
			defaultConfigurationIsVisible = 0;
			defaultConfigurationName = Release;
		};
		E0B1971C2E33FB3C00462039 /* Build configuration list for PBXNativeTarget "CRDO" */ = {
			isa = XCConfigurationList;
			buildConfigurations = (
				E0B1971D2E33FB3C00462039 /* Debug */,
				E0B1971E2E33FB3C00462039 /* Release */,
			);
			defaultConfigurationIsVisible = 0;
			defaultConfigurationName = Release;
		};
		E0B1971F2E33FB3C00462039 /* Build configuration list for PBXNativeTarget "CRDOTests" */ = {
			isa = XCConfigurationList;
			buildConfigurations = (
				E0B197202E33FB3C00462039 /* Debug */,
				E0B197212E33FB3C00462039 /* Release */,
			);
			defaultConfigurationIsVisible = 0;
			defaultConfigurationName = Release;
		};
		E0B197222E33FB3C00462039 /* Build configuration list for PBXNativeTarget "CRDOUITests" */ = {
			isa = XCConfigurationList;
			buildConfigurations = (
				E0B197232E33FB3C00462039 /* Debug */,
				E0B197242E33FB3C00462039 /* Release */,
			);
			defaultConfigurationIsVisible = 0;
			defaultConfigurationName = Release;
		};
/* End XCConfigurationList section */
	};
	rootObject = E0B196F32E33FB3B00462039 /* Project object */;
}
